
Microsoft Visual Studio Solution File, Format Version 12.00
# Visual Studio 15
VisualStudioVersion = 15.0.28307.106
MinimumVisualStudioVersion = 10.0.40219.1
Project("{FAE04EC0-301F-11D3-BF4B-00C04F79EFBC}") = "UnitTestProject1", "UnitTestProject1\UnitTestProject1.csproj", "{57D437F0-FED0-4B4D-AC2F-B413CE890495}"
EndProject
Global
	GlobalSection(SolutionConfigurationPlatforms) = preSolution
		Debug|Any CPU = Debug|Any CPU
		Release|Any CPU = Release|Any CPU
	EndGlobalSection
	GlobalSection(ProjectConfigurationPlatforms) = postSolution
		{57D437F0-FED0-4B4D-AC2F-B413CE890495}.Debug|Any CPU.ActiveCfg = Debug|Any CPU
		{57D437F0-FED0-4B4D-AC2F-B413CE890495}.Debug|Any CPU.Build.0 = Debug|Any CPU
		{57D437F0-FED0-4B4D-AC2F-B413CE890495}.Release|Any CPU.ActiveCfg = Release|Any CPU
		{57D437F0-FED0-4B4D-AC2F-B413CE890495}.Release|Any CPU.Build.0 = Release|Any CPU
	EndGlobalSection
	GlobalSection(SolutionProperties) = preSolution
		HideSolutionNode = FALSE
	EndGlobalSection
	GlobalSection(ExtensibilityGlobals) = postSolution
		SolutionGuid = {8827FE63-3132-4BCC-A96E-C0D181A7EA0C}
	EndGlobalSection
EndGlobal
